
Microsoft Visual Studio Solution File, Format Version 12.00
# Visual Studio 15
VisualStudioVersion = 15.0.27130.2010
MinimumVisualStudioVersion = 10.0.40219.1
Project("{9A19103F-16F7-4668-BE54-9A1E7A4F7556}") = "ProjetoRussia", "ProjetoRussia\ProjetoRussia.csproj", "{086E11BB-2C42-4A34-A74B-0A859EA72C09}"
EndProject
Project("{FAE04EC0-301F-11D3-BF4B-00C04F79EFBC}") = "ProjetoRussia.Core", "ProjetoRussia.Core\ProjetoRussia.Core.csproj", "{D32834CA-B9AC-452C-9A6D-B877D83DB063}"
EndProject
Global
	GlobalSection(SolutionConfigurationPlatforms) = preSolution
		Debug|Any CPU = Debug|Any CPU
		Release|Any CPU = Release|Any CPU
	EndGlobalSection
	GlobalSection(ProjectConfigurationPlatforms) = postSolution
		{086E11BB-2C42-4A34-A74B-0A859EA72C09}.Debug|Any CPU.ActiveCfg = Debug|Any CPU
		{086E11BB-2C42-4A34-A74B-0A859EA72C09}.Debug|Any CPU.Build.0 = Debug|Any CPU
		{086E11BB-2C42-4A34-A74B-0A859EA72C09}.Release|Any CPU.ActiveCfg = Release|Any CPU
		{086E11BB-2C42-4A34-A74B-0A859EA72C09}.Release|Any CPU.Build.0 = Release|Any CPU
		{D32834CA-B9AC-452C-9A6D-B877D83DB063}.Debug|Any CPU.ActiveCfg = Debug|Any CPU
		{D32834CA-B9AC-452C-9A6D-B877D83DB063}.Debug|Any CPU.Build.0 = Debug|Any CPU
		{D32834CA-B9AC-452C-9A6D-B877D83DB063}.Release|Any CPU.ActiveCfg = Release|Any CPU
		{D32834CA-B9AC-452C-9A6D-B877D83DB063}.Release|Any CPU.Build.0 = Release|Any CPU
	EndGlobalSection
	GlobalSection(SolutionProperties) = preSolution
		HideSolutionNode = FALSE
	EndGlobalSection
	GlobalSection(ExtensibilityGlobals) = postSolution
		SolutionGuid = {8317D057-1E74-4CAC-A9CE-40D364AE5665}
	EndGlobalSection
EndGlobal
